
Microsoft Visual Studio Solution File, Format Version 12.00
# Visual Studio Version 17
VisualStudioVersion = 17.2.32630.192
MinimumVisualStudioVersion = 10.0.40219.1
Project("{FAE04EC0-301F-11D3-BF4B-00C04F79EFBC}") = "POSWebAppl", "POSWebAppl\POSWebAppl.csproj", "{D9485DE1-4A08-48CF-9176-A1DF62D35E22}"
EndProject
Project("{FAE04EC0-301F-11D3-BF4B-00C04F79EFBC}") = "POSWebAppl.Tests", "POSWebAppl.Tests\POSWebAppl.Tests.csproj", "{91F39B21-AE33-4187-A91B-EB77B9A42DA0}"
EndProject
Global
	GlobalSection(SolutionConfigurationPlatforms) = preSolution
		Debug|Any CPU = Debug|Any CPU
		Release|Any CPU = Release|Any CPU
	EndGlobalSection
	GlobalSection(ProjectConfigurationPlatforms) = postSolution
		{D9485DE1-4A08-48CF-9176-A1DF62D35E22}.Debug|Any CPU.ActiveCfg = Debug|Any CPU
		{D9485DE1-4A08-48CF-9176-A1DF62D35E22}.Debug|Any CPU.Build.0 = Debug|Any CPU
		{D9485DE1-4A08-48CF-9176-A1DF62D35E22}.Release|Any CPU.ActiveCfg = Release|Any CPU
		{D9485DE1-4A08-48CF-9176-A1DF62D35E22}.Release|Any CPU.Build.0 = Release|Any CPU
		{91F39B21-AE33-4187-A91B-EB77B9A42DA0}.Debug|Any CPU.ActiveCfg = Debug|Any CPU
		{91F39B21-AE33-4187-A91B-EB77B9A42DA0}.Debug|Any CPU.Build.0 = Debug|Any CPU
		{91F39B21-AE33-4187-A91B-EB77B9A42DA0}.Release|Any CPU.ActiveCfg = Release|Any CPU
		{91F39B21-AE33-4187-A91B-EB77B9A42DA0}.Release|Any CPU.Build.0 = Release|Any CPU
	EndGlobalSection
	GlobalSection(SolutionProperties) = preSolution
		HideSolutionNode = FALSE
	EndGlobalSection
	GlobalSection(ExtensibilityGlobals) = postSolution
		SolutionGuid = {8CDAFA0D-9A26-47FD-A072-7A893921D21A}
	EndGlobalSection
EndGlobal
